
Microsoft Visual Studio Solution File, Format Version 12.00
# Visual Studio 15
VisualStudioVersion = 15.0.28307.168
MinimumVisualStudioVersion = 10.0.40219.1
Project("{FAE04EC0-301F-11D3-BF4B-00C04F79EFBC}") = "MarsRover.Business", "MarsRover.Business\MarsRover.Business.csproj", "{AFED6C3C-ABC1-4448-A663-3837C1526763}"
EndProject
Project("{2150E333-8FDC-42A3-9474-1A3956D46DE8}") = "2-UI", "2-UI", "{47FFDBC7-F8E7-47BD-8661-946A64956EEA}"
EndProject
Project("{2150E333-8FDC-42A3-9474-1A3956D46DE8}") = "2.1-Console", "2.1-Console", "{702F405B-4595-4EE9-A401-840E6E4A8FA4}"
EndProject
Project("{2150E333-8FDC-42A3-9474-1A3956D46DE8}") = "1-Business", "1-Business", "{E099D29B-C58E-43DC-A8B4-4F55EBAF67E0}"
EndProject
Project("{FAE04EC0-301F-11D3-BF4B-00C04F79EFBC}") = "MarsRover.Business.Test", "MarsRover.Business.Test\MarsRover.Business.Test.csproj", "{98D8A335-EF76-43C8-A856-A863373C69BC}"
EndProject
Project("{FAE04EC0-301F-11D3-BF4B-00C04F79EFBC}") = "MarsRover.ConsoleUI", "MarsRover.ConsoleUI\MarsRover.ConsoleUI.csproj", "{AF9CB3EA-58C6-431F-ADB1-0F46F51CB0B1}"
EndProject
Global
	GlobalSection(SolutionConfigurationPlatforms) = preSolution
		Debug|Any CPU = Debug|Any CPU
		Release|Any CPU = Release|Any CPU
	EndGlobalSection
	GlobalSection(ProjectConfigurationPlatforms) = postSolution
		{AFED6C3C-ABC1-4448-A663-3837C1526763}.Debug|Any CPU.ActiveCfg = Debug|Any CPU
		{AFED6C3C-ABC1-4448-A663-3837C1526763}.Debug|Any CPU.Build.0 = Debug|Any CPU
		{AFED6C3C-ABC1-4448-A663-3837C1526763}.Release|Any CPU.ActiveCfg = Release|Any CPU
		{AFED6C3C-ABC1-4448-A663-3837C1526763}.Release|Any CPU.Build.0 = Release|Any CPU
		{98D8A335-EF76-43C8-A856-A863373C69BC}.Debug|Any CPU.ActiveCfg = Debug|Any CPU
		{98D8A335-EF76-43C8-A856-A863373C69BC}.Debug|Any CPU.Build.0 = Debug|Any CPU
		{98D8A335-EF76-43C8-A856-A863373C69BC}.Release|Any CPU.ActiveCfg = Release|Any CPU
		{98D8A335-EF76-43C8-A856-A863373C69BC}.Release|Any CPU.Build.0 = Release|Any CPU
		{AF9CB3EA-58C6-431F-ADB1-0F46F51CB0B1}.Debug|Any CPU.ActiveCfg = Debug|Any CPU
		{AF9CB3EA-58C6-431F-ADB1-0F46F51CB0B1}.Debug|Any CPU.Build.0 = Debug|Any CPU
		{AF9CB3EA-58C6-431F-ADB1-0F46F51CB0B1}.Release|Any CPU.ActiveCfg = Release|Any CPU
		{AF9CB3EA-58C6-431F-ADB1-0F46F51CB0B1}.Release|Any CPU.Build.0 = Release|Any CPU
	EndGlobalSection
	GlobalSection(SolutionProperties) = preSolution
		HideSolutionNode = FALSE
	EndGlobalSection
	GlobalSection(NestedProjects) = preSolution
		{AFED6C3C-ABC1-4448-A663-3837C1526763} = {E099D29B-C58E-43DC-A8B4-4F55EBAF67E0}
		{702F405B-4595-4EE9-A401-840E6E4A8FA4} = {47FFDBC7-F8E7-47BD-8661-946A64956EEA}
		{98D8A335-EF76-43C8-A856-A863373C69BC} = {E099D29B-C58E-43DC-A8B4-4F55EBAF67E0}
		{AF9CB3EA-58C6-431F-ADB1-0F46F51CB0B1} = {702F405B-4595-4EE9-A401-840E6E4A8FA4}
	EndGlobalSection
	GlobalSection(ExtensibilityGlobals) = postSolution
		SolutionGuid = {B42D2C00-839B-4415-B1AA-3CD373C05FFD}
	EndGlobalSection
EndGlobal
